
Microsoft Visual Studio Solution File, Format Version 12.00
# Visual Studio Version 17
VisualStudioVersion = 17.8.34511.84
MinimumVisualStudioVersion = 10.0.40219.1
Project("{FAE04EC0-301F-11D3-BF4B-00C04F79EFBC}") = "BumberBros.WebApi", "BumberBros.WebApi\BumberBros.WebApi.csproj", "{1C9EEE91-61FD-4C81-91A6-F5A36E247F26}"
EndProject
Global
	GlobalSection(SolutionConfigurationPlatforms) = preSolution
		Debug|Any CPU = Debug|Any CPU
		Release|Any CPU = Release|Any CPU
	EndGlobalSection
	GlobalSection(ProjectConfigurationPlatforms) = postSolution
		{1C9EEE91-61FD-4C81-91A6-F5A36E247F26}.Debug|Any CPU.ActiveCfg = Debug|Any CPU
		{1C9EEE91-61FD-4C81-91A6-F5A36E247F26}.Debug|Any CPU.Build.0 = Debug|Any CPU
		{1C9EEE91-61FD-4C81-91A6-F5A36E247F26}.Release|Any CPU.ActiveCfg = Release|Any CPU
		{1C9EEE91-61FD-4C81-91A6-F5A36E247F26}.Release|Any CPU.Build.0 = Release|Any CPU
	EndGlobalSection
	GlobalSection(SolutionProperties) = preSolution
		HideSolutionNode = FALSE
	EndGlobalSection
	GlobalSection(ExtensibilityGlobals) = postSolution
		SolutionGuid = {35C1A856-9770-4CA5-A222-6A75A95F0309}
	EndGlobalSection
EndGlobal
